
Microsoft Visual Studio Solution File, Format Version 12.00
# Visual Studio 2013
VisualStudioVersion = 12.0.21005.1
MinimumVisualStudioVersion = 10.0.40219.1
Project("{FAE04EC0-301F-11D3-BF4B-00C04F79EFBC}") = "WFAClient", "WFAClient\WFAClient.csproj", "{F7F826A8-202C-4095-8CE8-F754D98BC1B9}"
EndProject
Project("{FAE04EC0-301F-11D3-BF4B-00C04F79EFBC}") = "WFAHostMod", "WFAServerMod\WFAHostMod.csproj", "{3F1ED50B-2964-4289-B684-824BE9859C0F}"
EndProject
Project("{FAE04EC0-301F-11D3-BF4B-00C04F79EFBC}") = "Interfaces", "Interfaces\Interfaces.csproj", "{ED04BCA8-C6B4-4C8F-A838-6881D4CB91F4}"
EndProject
Global
	GlobalSection(SolutionConfigurationPlatforms) = preSolution
		Debug|Any CPU = Debug|Any CPU
		Release|Any CPU = Release|Any CPU
	EndGlobalSection
	GlobalSection(ProjectConfigurationPlatforms) = postSolution
		{F7F826A8-202C-4095-8CE8-F754D98BC1B9}.Debug|Any CPU.ActiveCfg = Debug|Any CPU
		{F7F826A8-202C-4095-8CE8-F754D98BC1B9}.Debug|Any CPU.Build.0 = Debug|Any CPU
		{F7F826A8-202C-4095-8CE8-F754D98BC1B9}.Release|Any CPU.ActiveCfg = Release|Any CPU
		{F7F826A8-202C-4095-8CE8-F754D98BC1B9}.Release|Any CPU.Build.0 = Release|Any CPU
		{3F1ED50B-2964-4289-B684-824BE9859C0F}.Debug|Any CPU.ActiveCfg = Debug|Any CPU
		{3F1ED50B-2964-4289-B684-824BE9859C0F}.Debug|Any CPU.Build.0 = Debug|Any CPU
		{3F1ED50B-2964-4289-B684-824BE9859C0F}.Release|Any CPU.ActiveCfg = Release|Any CPU
		{3F1ED50B-2964-4289-B684-824BE9859C0F}.Release|Any CPU.Build.0 = Release|Any CPU
		{ED04BCA8-C6B4-4C8F-A838-6881D4CB91F4}.Debug|Any CPU.ActiveCfg = Debug|Any CPU
		{ED04BCA8-C6B4-4C8F-A838-6881D4CB91F4}.Debug|Any CPU.Build.0 = Debug|Any CPU
		{ED04BCA8-C6B4-4C8F-A838-6881D4CB91F4}.Release|Any CPU.ActiveCfg = Release|Any CPU
		{ED04BCA8-C6B4-4C8F-A838-6881D4CB91F4}.Release|Any CPU.Build.0 = Release|Any CPU
	EndGlobalSection
	GlobalSection(SolutionProperties) = preSolution
		HideSolutionNode = FALSE
	EndGlobalSection
EndGlobal
